// !$*UTF8*$!
{
	archiveVersion = 1;
	classes = {
	};
	objectVersion = 50;
	objects = {

/* Begin PBXBuildFile section */
		52CADAB0253B403800C0CF81 /* AppDelegate.swift in Sources */ = {isa = PBXBuildFile; fileRef = 52CADAAF253B403800C0CF81 /* AppDelegate.swift */; };
		52CADAB2253B403800C0CF81 /* SceneDelegate.swift in Sources */ = {isa = PBXBuildFile; fileRef = 52CADAB1253B403800C0CF81 /* SceneDelegate.swift */; };
		52CADAB4253B403800C0CF81 /* ViewController.swift in Sources */ = {isa = PBXBuildFile; fileRef = 52CADAB3253B403800C0CF81 /* ViewController.swift */; };
		52CADAB7253B403800C0CF81 /* Main.storyboard in Resources */ = {isa = PBXBuildFile; fileRef = 52CADAB5253B403800C0CF81 /* Main.storyboard */; };
		52CADAB9253B403900C0CF81 /* Assets.xcassets in Resources */ = {isa = PBXBuildFile; fileRef = 52CADAB8253B403900C0CF81 /* Assets.xcassets */; };
		52CADABC253B403900C0CF81 /* LaunchScreen.storyboard in Resources */ = {isa = PBXBuildFile; fileRef = 52CADABA253B403900C0CF81 /* LaunchScreen.storyboard */; };
		52CADAC7253B403900C0CF81 /* SearchBar_PickerView_TableView_ExerciseTests.swift in Sources */ = {isa = PBXBuildFile; fileRef = 52CADAC6253B403900C0CF81 /* SearchBar_PickerView_TableView_ExerciseTests.swift */; };
		52CADAD2253B403900C0CF81 /* SearchBar_PickerView_TableView_ExerciseUITests.swift in Sources */ = {isa = PBXBuildFile; fileRef = 52CADAD1253B403900C0CF81 /* SearchBar_PickerView_TableView_ExerciseUITests.swift */; };
		52CADAE0253B421000C0CF81 /* City.swift in Sources */ = {isa = PBXBuildFile; fileRef = 52CADADF253B421000C0CF81 /* City.swift */; };
/* End PBXBuildFile section */

/* Begin PBXContainerItemProxy section */
		52CADAC3253B403900C0CF81 /* PBXContainerItemProxy */ = {
			isa = PBXContainerItemProxy;
			containerPortal = 52CADAA4253B403800C0CF81 /* Project object */;
			proxyType = 1;
			remoteGlobalIDString = 52CADAAB253B403800C0CF81;
			remoteInfo = "SearchBar-PickerView-TableView-Exercise";
		};
		52CADACE253B403900C0CF81 /* PBXContainerItemProxy */ = {
			isa = PBXContainerItemProxy;
			containerPortal = 52CADAA4253B403800C0CF81 /* Project object */;
			proxyType = 1;
			remoteGlobalIDString = 52CADAAB253B403800C0CF81;
			remoteInfo = "SearchBar-PickerView-TableView-Exercise";
		};
/* End PBXContainerItemProxy section */

/* Begin PBXFileReference section */
		52CADAAC253B403800C0CF81 /* SearchBar-PickerView-TableView-Exercise.app */ = {isa = PBXFileReference; explicitFileType = wrapper.application; includeInIndex = 0; path = "SearchBar-PickerView-TableView-Exercise.app"; sourceTree = BUILT_PRODUCTS_DIR; };
		52CADAAF253B403800C0CF81 /* AppDelegate.swift */ = {isa = PBXFileReference; lastKnownFileType = sourcecode.swift; path = AppDelegate.swift; sourceTree = "<group>"; };
		52CADAB1253B403800C0CF81 /* SceneDelegate.swift */ = {isa = PBXFileReference; lastKnownFileType = sourcecode.swift; path = SceneDelegate.swift; sourceTree = "<group>"; };
		52CADAB3253B403800C0CF81 /* ViewController.swift */ = {isa = PBXFileReference; lastKnownFileType = sourcecode.swift; path = ViewController.swift; sourceTree = "<group>"; };
		52CADAB6253B403800C0CF81 /* Base */ = {isa = PBXFileReference; lastKnownFileType = file.storyboard; name = Base; path = Base.lproj/Main.storyboard; sourceTree = "<group>"; };
		52CADAB8253B403900C0CF81 /* Assets.xcassets */ = {isa = PBXFileReference; lastKnownFileType = folder.assetcatalog; path = Assets.xcassets; sourceTree = "<group>"; };
		52CADABB253B403900C0CF81 /* Base */ = {isa = PBXFileReference; lastKnownFileType = file.storyboard; name = Base; path = Base.lproj/LaunchScreen.storyboard; sourceTree = "<group>"; };
		52CADABD253B403900C0CF81 /* Info.plist */ = {isa = PBXFileReference; lastKnownFileType = text.plist.xml; path = Info.plist; sourceTree = "<group>"; };
		52CADAC2253B403900C0CF81 /* SearchBar-PickerView-TableView-ExerciseTests.xctest */ = {isa = PBXFileReference; explicitFileType = wrapper.cfbundle; includeInIndex = 0; path = "SearchBar-PickerView-TableView-ExerciseTests.xctest"; sourceTree = BUILT_PRODUCTS_DIR; };
		52CADAC6253B403900C0CF81 /* SearchBar_PickerView_TableView_ExerciseTests.swift */ = {isa = PBXFileReference; lastKnownFileType = sourcecode.swift; path = SearchBar_PickerView_TableView_ExerciseTests.swift; sourceTree = "<group>"; };
		52CADAC8253B403900C0CF81 /* Info.plist */ = {isa = PBXFileReference; lastKnownFileType = text.plist.xml; path = Info.plist; sourceTree = "<group>"; };
		52CADACD253B403900C0CF81 /* SearchBar-PickerView-TableView-ExerciseUITests.xctest */ = {isa = PBXFileReference; explicitFileType = wrapper.cfbundle; includeInIndex = 0; path = "SearchBar-PickerView-TableView-ExerciseUITests.xctest"; sourceTree = BUILT_PRODUCTS_DIR; };
		52CADAD1253B403900C0CF81 /* SearchBar_PickerView_TableView_ExerciseUITests.swift */ = {isa = PBXFileReference; lastKnownFileType = sourcecode.swift; path = SearchBar_PickerView_TableView_ExerciseUITests.swift; sourceTree = "<group>"; };
		52CADAD3253B403900C0CF81 /* Info.plist */ = {isa = PBXFileReference; lastKnownFileType = text.plist.xml; path = Info.plist; sourceTree = "<group>"; };
		52CADADF253B421000C0CF81 /* City.swift */ = {isa = PBXFileReference; lastKnownFileType = sourcecode.swift; path = City.swift; sourceTree = "<group>"; };
/* End PBXFileReference section */

/* Begin PBXFrameworksBuildPhase section */
		52CADAA9253B403800C0CF81 /* Frameworks */ = {
			isa = PBXFrameworksBuildPhase;
			buildActionMask = 2147483647;
			files = (
			);
			runOnlyForDeploymentPostprocessing = 0;
		};
		52CADABF253B403900C0CF81 /* Frameworks */ = {
			isa = PBXFrameworksBuildPhase;
			buildActionMask = 2147483647;
			files = (
			);
			runOnlyForDeploymentPostprocessing = 0;
		};
		52CADACA253B403900C0CF81 /* Frameworks */ = {
			isa = PBXFrameworksBuildPhase;
			buildActionMask = 2147483647;
			files = (
			);
			runOnlyForDeploymentPostprocessing = 0;
		};
/* End PBXFrameworksBuildPhase section */

/* Begin PBXGroup section */
		52CADAA3253B403800C0CF81 = {
			isa = PBXGroup;
			children = (
				52CADAAE253B403800C0CF81 /* SearchBar-PickerView-TableView-Exercise */,
				52CADAC5253B403900C0CF81 /* SearchBar-PickerView-TableView-ExerciseTests */,
				52CADAD0253B403900C0CF81 /* SearchBar-PickerView-TableView-ExerciseUITests */,
				52CADAAD253B403800C0CF81 /* Products */,
			);
			sourceTree = "<group>";
		};
		52CADAAD253B403800C0CF81 /* Products */ = {
			isa = PBXGroup;
			children = (
				52CADAAC253B403800C0CF81 /* SearchBar-PickerView-TableView-Exercise.app */,
				52CADAC2253B403900C0CF81 /* SearchBar-PickerView-TableView-ExerciseTests.xctest */,
				52CADACD253B403900C0CF81 /* SearchBar-PickerView-TableView-ExerciseUITests.xctest */,
			);
			name = Products;
			sourceTree = "<group>";
		};
		52CADAAE253B403800C0CF81 /* SearchBar-PickerView-TableView-Exercise */ = {
			isa = PBXGroup;
			children = (
				52CADAAF253B403800C0CF81 /* AppDelegate.swift */,
				52CADAB1253B403800C0CF81 /* SceneDelegate.swift */,
				52CADAB3253B403800C0CF81 /* ViewController.swift */,
				52CADAB5253B403800C0CF81 /* Main.storyboard */,
				52CADAB8253B403900C0CF81 /* Assets.xcassets */,
				52CADABA253B403900C0CF81 /* LaunchScreen.storyboard */,
				52CADABD253B403900C0CF81 /* Info.plist */,
				52CADADF253B421000C0CF81 /* City.swift */,
			);
			path = "SearchBar-PickerView-TableView-Exercise";
			sourceTree = "<group>";
		};
		52CADAC5253B403900C0CF81 /* SearchBar-PickerView-TableView-ExerciseTests */ = {
			isa = PBXGroup;
			children = (
				52CADAC6253B403900C0CF81 /* SearchBar_PickerView_TableView_ExerciseTests.swift */,
				52CADAC8253B403900C0CF81 /* Info.plist */,
			);
			path = "SearchBar-PickerView-TableView-ExerciseTests";
			sourceTree = "<group>";
		};
		52CADAD0253B403900C0CF81 /* SearchBar-PickerView-TableView-ExerciseUITests */ = {
			isa = PBXGroup;
			children = (
				52CADAD1253B403900C0CF81 /* SearchBar_PickerView_TableView_ExerciseUITests.swift */,
				52CADAD3253B403900C0CF81 /* Info.plist */,
			);
			path = "SearchBar-PickerView-TableView-ExerciseUITests";
			sourceTree = "<group>";
		};
/* End PBXGroup section */

/* Begin PBXNativeTarget section */
		52CADAAB253B403800C0CF81 /* SearchBar-PickerView-TableView-Exercise */ = {
			isa = PBXNativeTarget;
			buildConfigurationList = 52CADAD6253B403900C0CF81 /* Build configuration list for PBXNativeTarget "SearchBar-PickerView-TableView-Exercise" */;
			buildPhases = (
				52CADAA8253B403800C0CF81 /* Sources */,
				52CADAA9253B403800C0CF81 /* Frameworks */,
				52CADAAA253B403800C0CF81 /* Resources */,
			);
			buildRules = (
			);
			dependencies = (
			);
			name = "SearchBar-PickerView-TableView-Exercise";
			productName = "SearchBar-PickerView-TableView-Exercise";
			productReference = 52CADAAC253B403800C0CF81 /* SearchBar-PickerView-TableView-Exercise.app */;
			productType = "com.apple.product-type.application";
		};
		52CADAC1253B403900C0CF81 /* SearchBar-PickerView-TableView-ExerciseTests */ = {
			isa = PBXNativeTarget;
			buildConfigurationList = 52CADAD9253B403900C0CF81 /* Build configuration list for PBXNativeTarget "SearchBar-PickerView-TableView-ExerciseTests" */;
			buildPhases = (
				52CADABE253B403900C0CF81 /* Sources */,
				52CADABF253B403900C0CF81 /* Frameworks */,
				52CADAC0253B403900C0CF81 /* Resources */,
			);
			buildRules = (
			);
			dependencies = (
				52CADAC4253B403900C0CF81 /* PBXTargetDependency */,
			);
			name = "SearchBar-PickerView-TableView-ExerciseTests";
			productName = "SearchBar-PickerView-TableView-ExerciseTests";
			productReference = 52CADAC2253B403900C0CF81 /* SearchBar-PickerView-TableView-ExerciseTests.xctest */;
			productType = "com.apple.product-type.bundle.unit-test";
		};
		52CADACC253B403900C0CF81 /* SearchBar-PickerView-TableView-ExerciseUITests */ = {
			isa = PBXNativeTarget;
			buildConfigurationList = 52CADADC253B403900C0CF81 /* Build configuration list for PBXNativeTarget "SearchBar-PickerView-TableView-ExerciseUITests" */;
			buildPhases = (
				52CADAC9253B403900C0CF81 /* Sources */,
				52CADACA253B403900C0CF81 /* Frameworks */,
				52CADACB253B403900C0CF81 /* Resources */,
			);
			buildRules = (
			);
			dependencies = (
				52CADACF253B403900C0CF81 /* PBXTargetDependency */,
			);
			name = "SearchBar-PickerView-TableView-ExerciseUITests";
			productName = "SearchBar-PickerView-TableView-ExerciseUITests";
			productReference = 52CADACD253B403900C0CF81 /* SearchBar-PickerView-TableView-ExerciseUITests.xctest */;
			productType = "com.apple.product-type.bundle.ui-testing";
		};
/* End PBXNativeTarget section */

/* Begin PBXProject section */
		52CADAA4253B403800C0CF81 /* Project object */ = {
			isa = PBXProject;
			attributes = {
				LastSwiftUpdateCheck = 1160;
				LastUpgradeCheck = 1160;
				ORGANIZATIONNAME = "Paolo Prodossimo Lopes";
				TargetAttributes = {
					52CADAAB253B403800C0CF81 = {
						CreatedOnToolsVersion = 11.6;
					};
					52CADAC1253B403900C0CF81 = {
						CreatedOnToolsVersion = 11.6;
						TestTargetID = 52CADAAB253B403800C0CF81;
					};
					52CADACC253B403900C0CF81 = {
						CreatedOnToolsVersion = 11.6;
						TestTargetID = 52CADAAB253B403800C0CF81;
					};
				};
			};
			buildConfigurationList = 52CADAA7253B403800C0CF81 /* Build configuration list for PBXProject "SearchBar-PickerView-TableView-Exercise" */;
			compatibilityVersion = "Xcode 9.3";
			developmentRegion = en;
			hasScannedForEncodings = 0;
			knownRegions = (
				en,
				Base,
			);
			mainGroup = 52CADAA3253B403800C0CF81;
			productRefGroup = 52CADAAD253B403800C0CF81 /* Products */;
			projectDirPath = "";
			projectRoot = "";
			targets = (
				52CADAAB253B403800C0CF81 /* SearchBar-PickerView-TableView-Exercise */,
				52CADAC1253B403900C0CF81 /* SearchBar-PickerView-TableView-ExerciseTests */,
				52CADACC253B403900C0CF81 /* SearchBar-PickerView-TableView-ExerciseUITests */,
			);
		};
/* End PBXProject section */

/* Begin PBXResourcesBuildPhase section */
		52CADAAA253B403800C0CF81 /* Resources */ = {
			isa = PBXResourcesBuildPhase;
			buildActionMask = 2147483647;
			files = (
				52CADABC253B403900C0CF81 /* LaunchScreen.storyboard in Resources */,
				52CADAB9253B403900C0CF81 /* Assets.xcassets in Resources */,
				52CADAB7253B403800C0CF81 /* Main.storyboard in Resources */,
			);
			runOnlyForDeploymentPostprocessing = 0;
		};
		52CADAC0253B403900C0CF81 /* Resources */ = {
			isa = PBXResourcesBuildPhase;
			buildActionMask = 2147483647;
			files = (
			);
			runOnlyForDeploymentPostprocessing = 0;
		};
		52CADACB253B403900C0CF81 /* Resources */ = {
			isa = PBXResourcesBuildPhase;
			buildActionMask = 2147483647;
			files = (
			);
			runOnlyForDeploymentPostprocessing = 0;
		};
/* End PBXResourcesBuildPhase section */

/* Begin PBXSourcesBuildPhase section */
		52CADAA8253B403800C0CF81 /* Sources */ = {
			isa = PBXSourcesBuildPhase;
			buildActionMask = 2147483647;
			files = (
				52CADAB4253B403800C0CF81 /* ViewController.swift in Sources */,
				52CADAB0253B403800C0CF81 /* AppDelegate.swift in Sources */,
				52CADAE0253B421000C0CF81 /* City.swift in Sources */,
				52CADAB2253B403800C0CF81 /* SceneDelegate.swift in Sources */,
			);
			runOnlyForDeploymentPostprocessing = 0;
		};
		52CADABE253B403900C0CF81 /* Sources */ = {
			isa = PBXSourcesBuildPhase;
			buildActionMask = 2147483647;
			files = (
				52CADAC7253B403900C0CF81 /* SearchBar_PickerView_TableView_ExerciseTests.swift in Sources */,
			);
			runOnlyForDeploymentPostprocessing = 0;
		};
		52CADAC9253B403900C0CF81 /* Sources */ = {
			isa = PBXSourcesBuildPhase;
			buildActionMask = 2147483647;
			files = (
				52CADAD2253B403900C0CF81 /* SearchBar_PickerView_TableView_ExerciseUITests.swift in Sources */,
			);
			runOnlyForDeploymentPostprocessing = 0;
		};
/* End PBXSourcesBuildPhase section */

/* Begin PBXTargetDependency section */
		52CADAC4253B403900C0CF81 /* PBXTargetDependency */ = {
			isa = PBXTargetDependency;
			target = 52CADAAB253B403800C0CF81 /* SearchBar-PickerView-TableView-Exercise */;
			targetProxy = 52CADAC3253B403900C0CF81 /* PBXContainerItemProxy */;
		};
		52CADACF253B403900C0CF81 /* PBXTargetDependency */ = {
			isa = PBXTargetDependency;
			target = 52CADAAB253B403800C0CF81 /* SearchBar-PickerView-TableView-Exercise */;
			targetProxy = 52CADACE253B403900C0CF81 /* PBXContainerItemProxy */;
		};
/* End PBXTargetDependency section */

/* Begin PBXVariantGroup section */
		52CADAB5253B403800C0CF81 /* Main.storyboard */ = {
			isa = PBXVariantGroup;
			children = (
				52CADAB6253B403800C0CF81 /* Base */,
			);
			name = Main.storyboard;
			sourceTree = "<group>";
		};
		52CADABA253B403900C0CF81 /* LaunchScreen.storyboard */ = {
			isa = PBXVariantGroup;
			children = (
				52CADABB253B403900C0CF81 /* Base */,
			);
			name = LaunchScreen.storyboard;
			sourceTree = "<group>";
		};
/* End PBXVariantGroup section */

/* Begin XCBuildConfiguration section */
		52CADAD4253B403900C0CF81 /* Debug */ = {
			isa = XCBuildConfiguration;
			buildSettings = {
				ALWAYS_SEARCH_USER_PATHS = NO;
				CLANG_ANALYZER_NONNULL = YES;
				CLANG_ANALYZER_NUMBER_OBJECT_CONVERSION = YES_AGGRESSIVE;
				CLANG_CXX_LANGUAGE_STANDARD = "gnu++14";
				CLANG_CXX_LIBRARY = "libc++";
				CLANG_ENABLE_MODULES = YES;
				CLANG_ENABLE_OBJC_ARC = YES;
				CLANG_ENABLE_OBJC_WEAK = YES;
				CLANG_WARN_BLOCK_CAPTURE_AUTORELEASING = YES;
				CLANG_WARN_BOOL_CONVERSION = YES;
				CLANG_WARN_COMMA = YES;
				CLANG_WARN_CONSTANT_CONVERSION = YES;
				CLANG_WARN_DEPRECATED_OBJC_IMPLEMENTATIONS = YES;
				CLANG_WARN_DIRECT_OBJC_ISA_USAGE = YES_ERROR;
				CLANG_WARN_DOCUMENTATION_COMMENTS = YES;
				CLANG_WARN_EMPTY_BODY = YES;
				CLANG_WARN_ENUM_CONVERSION = YES;
				CLANG_WARN_INFINITE_RECURSION = YES;
				CLANG_WARN_INT_CONVERSION = YES;
				CLANG_WARN_NON_LITERAL_NULL_CONVERSION = YES;
				CLANG_WARN_OBJC_IMPLICIT_RETAIN_SELF = YES;
				CLANG_WARN_OBJC_LITERAL_CONVERSION = YES;
				CLANG_WARN_OBJC_ROOT_CLASS = YES_ERROR;
				CLANG_WARN_RANGE_LOOP_ANALYSIS = YES;
				CLANG_WARN_STRICT_PROTOTYPES = YES;
				CLANG_WARN_SUSPICIOUS_MOVE = YES;
				CLANG_WARN_UNGUARDED_AVAILABILITY = YES_AGGRESSIVE;
				CLANG_WARN_UNREACHABLE_CODE = YES;
				CLANG_WARN__DUPLICATE_METHOD_MATCH = YES;
				COPY_PHASE_STRIP = NO;
				DEBUG_INFORMATION_FORMAT = dwarf;
				ENABLE_STRICT_OBJC_MSGSEND = YES;
				ENABLE_TESTABILITY = YES;
				GCC_C_LANGUAGE_STANDARD = gnu11;
				GCC_DYNAMIC_NO_PIC = NO;
				GCC_NO_COMMON_BLOCKS = YES;
				GCC_OPTIMIZATION_LEVEL = 0;
				GCC_PREPROCESSOR_DEFINITIONS = (
					"DEBUG=1",
					"$(inherited)",
				);
				GCC_WARN_64_TO_32_BIT_CONVERSION = YES;
				GCC_WARN_ABOUT_RETURN_TYPE = YES_ERROR;
				GCC_WARN_UNDECLARED_SELECTOR = YES;
				GCC_WARN_UNINITIALIZED_AUTOS = YES_AGGRESSIVE;
				GCC_WARN_UNUSED_FUNCTION = YES;
				GCC_WARN_UNUSED_VARIABLE = YES;
				IPHONEOS_DEPLOYMENT_TARGET = 13.6;
				MTL_ENABLE_DEBUG_INFO = INCLUDE_SOURCE;
				MTL_FAST_MATH = YES;
				ONLY_ACTIVE_ARCH = YES;
				SDKROOT = iphoneos;
				SWIFT_ACTIVE_COMPILATION_CONDITIONS = DEBUG;
				SWIFT_OPTIMIZATION_LEVEL = "-Onone";
			};
			name = Debug;
		};
		52CADAD5253B403900C0CF81 /* Release */ = {
			isa = XCBuildConfiguration;
			buildSettings = {
				ALWAYS_SEARCH_USER_PATHS = NO;
				CLANG_ANALYZER_NONNULL = YES;
				CLANG_ANALYZER_NUMBER_OBJECT_CONVERSION = YES_AGGRESSIVE;
				CLANG_CXX_LANGUAGE_STANDARD = "gnu++14";
				CLANG_CXX_LIBRARY = "libc++";
				CLANG_ENABLE_MODULES = YES;
				CLANG_ENABLE_OBJC_ARC = YES;
				CLANG_ENABLE_OBJC_WEAK = YES;
				CLANG_WARN_BLOCK_CAPTURE_AUTORELEASING = YES;
				CLANG_WARN_BOOL_CONVERSION = YES;
				CLANG_WARN_COMMA = YES;
				CLANG_WARN_CONSTANT_CONVERSION = YES;
				CLANG_WARN_DEPRECATED_OBJC_IMPLEMENTATIONS = YES;
				CLANG_WARN_DIRECT_OBJC_ISA_USAGE = YES_ERROR;
				CLANG_WARN_DOCUMENTATION_COMMENTS = YES;
				CLANG_WARN_EMPTY_BODY = YES;
				CLANG_WARN_ENUM_CONVERSION = YES;
				CLANG_WARN_INFINITE_RECURSION = YES;
				CLANG_WARN_INT_CONVERSION = YES;
				CLANG_WARN_NON_LITERAL_NULL_CONVERSION = YES;
				CLANG_WARN_OBJC_IMPLICIT_RETAIN_SELF = YES;
				CLANG_WARN_OBJC_LITERAL_CONVERSION = YES;
				CLANG_WARN_OBJC_ROOT_CLASS = YES_ERROR;
				CLANG_WARN_RANGE_LOOP_ANALYSIS = YES;
				CLANG_WARN_STRICT_PROTOTYPES = YES;
				CLANG_WARN_SUSPICIOUS_MOVE = YES;
				CLANG_WARN_UNGUARDED_AVAILABILITY = YES_AGGRESSIVE;
				CLANG_WARN_UNREACHABLE_CODE = YES;
				CLANG_WARN__DUPLICATE_METHOD_MATCH = YES;
				COPY_PHASE_STRIP = NO;
				DEBUG_INFORMATION_FORMAT = "dwarf-with-dsym";
				ENABLE_NS_ASSERTIONS = NO;
				ENABLE_STRICT_OBJC_MSGSEND = YES;
				GCC_C_LANGUAGE_STANDARD = gnu11;
				GCC_NO_COMMON_BLOCKS = YES;
				GCC_WARN_64_TO_32_BIT_CONVERSION = YES;
				GCC_WARN_ABOUT_RETURN_TYPE = YES_ERROR;
				GCC_WARN_UNDECLARED_SELECTOR = YES;
				GCC_WARN_UNINITIALIZED_AUTOS = YES_AGGRESSIVE;
				GCC_WARN_UNUSED_FUNCTION = YES;
				GCC_WARN_UNUSED_VARIABLE = YES;
				IPHONEOS_DEPLOYMENT_TARGET = 13.6;
				MTL_ENABLE_DEBUG_INFO = NO;
				MTL_FAST_MATH = YES;
				SDKROOT = iphoneos;
				SWIFT_COMPILATION_MODE = wholemodule;
				SWIFT_OPTIMIZATION_LEVEL = "-O";
				VALIDATE_PRODUCT = YES;
			};
			name = Release;
		};
		52CADAD7253B403900C0CF81 /* Debug */ = {
			isa = XCBuildConfiguration;
			buildSettings = {
				ASSETCATALOG_COMPILER_APPICON_NAME = AppIcon;
				CODE_SIGN_STYLE = Automatic;
				INFOPLIST_FILE = "SearchBar-PickerView-TableView-Exercise/Info.plist";
				LD_RUNPATH_SEARCH_PATHS = (
					"$(inherited)",
					"@executable_path/Frameworks",
				);
				PRODUCT_BUNDLE_IDENTIFIER = "com.ppl.SearchBar-PickerView-TableView-Exercise";
				PRODUCT_NAME = "$(TARGET_NAME)";
				SWIFT_VERSION = 5.0;
				TARGETED_DEVICE_FAMILY = "1,2";
			};
			name = Debug;
		};
		52CADAD8253B403900C0CF81 /* Release */ = {
			isa = XCBuildConfiguration;
			buildSettings = {
				ASSETCATALOG_COMPILER_APPICON_NAME = AppIcon;
				CODE_SIGN_STYLE = Automatic;
				INFOPLIST_FILE = "SearchBar-PickerView-TableView-Exercise/Info.plist";
				LD_RUNPATH_SEARCH_PATHS = (
					"$(inherited)",
					"@executable_path/Frameworks",
				);
				PRODUCT_BUNDLE_IDENTIFIER = "com.ppl.SearchBar-PickerView-TableView-Exercise";
				PRODUCT_NAME = "$(TARGET_NAME)";
				SWIFT_VERSION = 5.0;
				TARGETED_DEVICE_FAMILY = "1,2";
			};
			name = Release;
		};
		52CADADA253B403900C0CF81 /* Debug */ = {
			isa = XCBuildConfiguration;
			buildSettings = {
				ALWAYS_EMBED_SWIFT_STANDARD_LIBRARIES = YES;
				BUNDLE_LOADER = "$(TEST_HOST)";
				CODE_SIGN_STYLE = Automatic;
				INFOPLIST_FILE = "SearchBar-PickerView-TableView-ExerciseTests/Info.plist";
				IPHONEOS_DEPLOYMENT_TARGET = 13.6;
				LD_RUNPATH_SEARCH_PATHS = (
					"$(inherited)",
					"@executable_path/Frameworks",
					"@loader_path/Frameworks",
				);
				PRODUCT_BUNDLE_IDENTIFIER = "com.ppl.SearchBar-PickerView-TableView-ExerciseTests";
				PRODUCT_NAME = "$(TARGET_NAME)";
				SWIFT_VERSION = 5.0;
				TARGETED_DEVICE_FAMILY = "1,2";
				TEST_HOST = "$(BUILT_PRODUCTS_DIR)/SearchBar-PickerView-TableView-Exercise.app/SearchBar-PickerView-TableView-Exercise";
			};
			name = Debug;
		};
		52CADADB253B403900C0CF81 /* Release */ = {
			isa = XCBuildConfiguration;
			buildSettings = {
				ALWAYS_EMBED_SWIFT_STANDARD_LIBRARIES = YES;
				BUNDLE_LOADER = "$(TEST_HOST)";
				CODE_SIGN_STYLE = Automatic;
				INFOPLIST_FILE = "SearchBar-PickerView-TableView-ExerciseTests/Info.plist";
				IPHONEOS_DEPLOYMENT_TARGET = 13.6;
				LD_RUNPATH_SEARCH_PATHS = (
					"$(inherited)",
					"@executable_path/Frameworks",
					"@loader_path/Frameworks",
				);
				PRODUCT_BUNDLE_IDENTIFIER = "com.ppl.SearchBar-PickerView-TableView-ExerciseTests";
				PRODUCT_NAME = "$(TARGET_NAME)";
				SWIFT_VERSION = 5.0;
				TARGETED_DEVICE_FAMILY = "1,2";
				TEST_HOST = "$(BUILT_PRODUCTS_DIR)/SearchBar-PickerView-TableView-Exercise.app/SearchBar-PickerView-TableView-Exercise";
			};
			name = Release;
		};
		52CADADD253B403900C0CF81 /* Debug */ = {
			isa = XCBuildConfiguration;
			buildSettings = {
				ALWAYS_EMBED_SWIFT_STANDARD_LIBRARIES = YES;
				CODE_SIGN_STYLE = Automatic;
				INFOPLIST_FILE = "SearchBar-PickerView-TableView-ExerciseUITests/Info.plist";
				LD_RUNPATH_SEARCH_PATHS = (
					"$(inherited)",
					"@executable_path/Frameworks",
					"@loader_path/Frameworks",
				);
				PRODUCT_BUNDLE_IDENTIFIER = "com.ppl.SearchBar-PickerView-TableView-ExerciseUITests";
				PRODUCT_NAME = "$(TARGET_NAME)";
				SWIFT_VERSION = 5.0;
				TARGETED_DEVICE_FAMILY = "1,2";
				TEST_TARGET_NAME = "SearchBar-PickerView-TableView-Exercise";
			};
			name = Debug;
		};
		52CADADE253B403900C0CF81 /* Release */ = {
			isa = XCBuildConfiguration;
			buildSettings = {
				ALWAYS_EMBED_SWIFT_STANDARD_LIBRARIES = YES;
				CODE_SIGN_STYLE = Automatic;
				INFOPLIST_FILE = "SearchBar-PickerView-TableView-ExerciseUITests/Info.plist";
				LD_RUNPATH_SEARCH_PATHS = (
					"$(inherited)",
					"@executable_path/Frameworks",
					"@loader_path/Frameworks",
				);
				PRODUCT_BUNDLE_IDENTIFIER = "com.ppl.SearchBar-PickerView-TableView-ExerciseUITests";
				PRODUCT_NAME = "$(TARGET_NAME)";
				SWIFT_VERSION = 5.0;
				TARGETED_DEVICE_FAMILY = "1,2";
				TEST_TARGET_NAME = "SearchBar-PickerView-TableView-Exercise";
			};
			name = Release;
		};
/* End XCBuildConfiguration section */

/* Begin XCConfigurationList section */
		52CADAA7253B403800C0CF81 /* Build configuration list for PBXProject "SearchBar-PickerView-TableView-Exercise" */ = {
			isa = XCConfigurationList;
			buildConfigurations = (
				52CADAD4253B403900C0CF81 /* Debug */,
				52CADAD5253B403900C0CF81 /* Release */,
			);
			defaultConfigurationIsVisible = 0;
			defaultConfigurationName = Release;
		};
		52CADAD6253B403900C0CF81 /* Build configuration list for PBXNativeTarget "SearchBar-PickerView-TableView-Exercise" */ = {
			isa = XCConfigurationList;
			buildConfigurations = (
				52CADAD7253B403900C0CF81 /* Debug */,
				52CADAD8253B403900C0CF81 /* Release */,
			);
			defaultConfigurationIsVisible = 0;
			defaultConfigurationName = Release;
		};
		52CADAD9253B403900C0CF81 /* Build configuration list for PBXNativeTarget "SearchBar-PickerView-TableView-ExerciseTests" */ = {
			isa = XCConfigurationList;
			buildConfigurations = (
				52CADADA253B403900C0CF81 /* Debug */,
				52CADADB253B403900C0CF81 /* Release */,
			);
			defaultConfigurationIsVisible = 0;
			defaultConfigurationName = Release;
		};
		52CADADC253B403900C0CF81 /* Build configuration list for PBXNativeTarget "SearchBar-PickerView-TableView-ExerciseUITests" */ = {
			isa = XCConfigurationList;
			buildConfigurations = (
				52CADADD253B403900C0CF81 /* Debug */,
				52CADADE253B403900C0CF81 /* Release */,
			);
			defaultConfigurationIsVisible = 0;
			defaultConfigurationName = Release;
		};
/* End XCConfigurationList section */
	};
	rootObject = 52CADAA4253B403800C0CF81 /* Project object */;
}
